// !$*UTF8*$!
{
	archiveVersion = 1;
	classes = {
	};
	objectVersion = 50;
	objects = {

/* Begin PBXBuildFile section */
		55536F5325F9A76300EF257A /* AppDelegate.swift in Sources */ = {isa = PBXBuildFile; fileRef = 55536F5225F9A76300EF257A /* AppDelegate.swift */; };
		55536F5525F9A76300EF257A /* SceneDelegate.swift in Sources */ = {isa = PBXBuildFile; fileRef = 55536F5425F9A76300EF257A /* SceneDelegate.swift */; };
		55536F5725F9A76300EF257A /* ViewController.swift in Sources */ = {isa = PBXBuildFile; fileRef = 55536F5625F9A76300EF257A /* ViewController.swift */; };
		55536F5A25F9A76300EF257A /* Main.storyboard in Resources */ = {isa = PBXBuildFile; fileRef = 55536F5825F9A76300EF257A /* Main.storyboard */; };
		55536F5C25F9A76600EF257A /* Assets.xcassets in Resources */ = {isa = PBXBuildFile; fileRef = 55536F5B25F9A76600EF257A /* Assets.xcassets */; };
		55536F5F25F9A76600EF257A /* LaunchScreen.storyboard in Resources */ = {isa = PBXBuildFile; fileRef = 55536F5D25F9A76600EF257A /* LaunchScreen.storyboard */; };
		55536F6825F9A8C900EF257A /* Friend.swift in Sources */ = {isa = PBXBuildFile; fileRef = 55536F6725F9A8C900EF257A /* Friend.swift */; };
		55536F6B25FAFC1B00EF257A /* FriendViewController.swift in Sources */ = {isa = PBXBuildFile; fileRef = 55536F6A25FAFC1B00EF257A /* FriendViewController.swift */; };
		55536F6E25FAFFCD00EF257A /* TextTableViewCell.swift in Sources */ = {isa = PBXBuildFile; fileRef = 55536F6D25FAFFCD00EF257A /* TextTableViewCell.swift */; };
/* End PBXBuildFile section */

/* Begin PBXFileReference section */
		55536F4F25F9A76300EF257A /* FriendZone2.app */ = {isa = PBXFileReference; explicitFileType = wrapper.application; includeInIndex = 0; path = FriendZone2.app; sourceTree = BUILT_PRODUCTS_DIR; };
		55536F5225F9A76300EF257A /* AppDelegate.swift */ = {isa = PBXFileReference; lastKnownFileType = sourcecode.swift; path = AppDelegate.swift; sourceTree = "<group>"; };
		55536F5425F9A76300EF257A /* SceneDelegate.swift */ = {isa = PBXFileReference; lastKnownFileType = sourcecode.swift; path = SceneDelegate.swift; sourceTree = "<group>"; };
		55536F5625F9A76300EF257A /* ViewController.swift */ = {isa = PBXFileReference; lastKnownFileType = sourcecode.swift; path = ViewController.swift; sourceTree = "<group>"; };
		55536F5925F9A76300EF257A /* Base */ = {isa = PBXFileReference; lastKnownFileType = file.storyboard; name = Base; path = Base.lproj/Main.storyboard; sourceTree = "<group>"; };
		55536F5B25F9A76600EF257A /* Assets.xcassets */ = {isa = PBXFileReference; lastKnownFileType = folder.assetcatalog; path = Assets.xcassets; sourceTree = "<group>"; };
		55536F5E25F9A76600EF257A /* Base */ = {isa = PBXFileReference; lastKnownFileType = file.storyboard; name = Base; path = Base.lproj/LaunchScreen.storyboard; sourceTree = "<group>"; };
		55536F6025F9A76600EF257A /* Info.plist */ = {isa = PBXFileReference; lastKnownFileType = text.plist.xml; path = Info.plist; sourceTree = "<group>"; };
		55536F6725F9A8C900EF257A /* Friend.swift */ = {isa = PBXFileReference; lastKnownFileType = sourcecode.swift; path = Friend.swift; sourceTree = "<group>"; };
		55536F6A25FAFC1B00EF257A /* FriendViewController.swift */ = {isa = PBXFileReference; lastKnownFileType = sourcecode.swift; path = FriendViewController.swift; sourceTree = "<group>"; };
		55536F6D25FAFFCD00EF257A /* TextTableViewCell.swift */ = {isa = PBXFileReference; lastKnownFileType = sourcecode.swift; path = TextTableViewCell.swift; sourceTree = "<group>"; };
/* End PBXFileReference section */

/* Begin PBXFrameworksBuildPhase section */
		55536F4C25F9A76300EF257A /* Frameworks */ = {
			isa = PBXFrameworksBuildPhase;
			buildActionMask = 2147483647;
			files = (
			);
			runOnlyForDeploymentPostprocessing = 0;
		};
/* End PBXFrameworksBuildPhase section */

/* Begin PBXGroup section */
		55536F4625F9A76300EF257A = {
			isa = PBXGroup;
			children = (
				55536F5125F9A76300EF257A /* FriendZone2 */,
				55536F5025F9A76300EF257A /* Products */,
			);
			sourceTree = "<group>";
		};
		55536F5025F9A76300EF257A /* Products */ = {
			isa = PBXGroup;
			children = (
				55536F4F25F9A76300EF257A /* FriendZone2.app */,
			);
			name = Products;
			sourceTree = "<group>";
		};
		55536F5125F9A76300EF257A /* FriendZone2 */ = {
			isa = PBXGroup;
			children = (
				55536F5225F9A76300EF257A /* AppDelegate.swift */,
				55536F5425F9A76300EF257A /* SceneDelegate.swift */,
				55536F5625F9A76300EF257A /* ViewController.swift */,
				55536F6A25FAFC1B00EF257A /* FriendViewController.swift */,
				55536F5825F9A76300EF257A /* Main.storyboard */,
				55536F6D25FAFFCD00EF257A /* TextTableViewCell.swift */,
				55536F6725F9A8C900EF257A /* Friend.swift */,
				55536F5B25F9A76600EF257A /* Assets.xcassets */,
				55536F5D25F9A76600EF257A /* LaunchScreen.storyboard */,
				55536F6025F9A76600EF257A /* Info.plist */,
			);
			path = FriendZone2;
			sourceTree = "<group>";
		};
/* End PBXGroup section */

/* Begin PBXNativeTarget section */
		55536F4E25F9A76300EF257A /* FriendZone2 */ = {
			isa = PBXNativeTarget;
			buildConfigurationList = 55536F6325F9A76600EF257A /* Build configuration list for PBXNativeTarget "FriendZone2" */;
			buildPhases = (
				55536F4B25F9A76300EF257A /* Sources */,
				55536F4C25F9A76300EF257A /* Frameworks */,
				55536F4D25F9A76300EF257A /* Resources */,
			);
			buildRules = (
			);
			dependencies = (
			);
			name = FriendZone2;
			productName = FriendZone2;
			productReference = 55536F4F25F9A76300EF257A /* FriendZone2.app */;
			productType = "com.apple.product-type.application";
		};
/* End PBXNativeTarget section */

/* Begin PBXProject section */
		55536F4725F9A76300EF257A /* Project object */ = {
			isa = PBXProject;
			attributes = {
				LastSwiftUpdateCheck = 1240;
				LastUpgradeCheck = 1240;
				TargetAttributes = {
					55536F4E25F9A76300EF257A = {
						CreatedOnToolsVersion = 12.4;
					};
				};
			};
			buildConfigurationList = 55536F4A25F9A76300EF257A /* Build configuration list for PBXProject "FriendZone2" */;
			compatibilityVersion = "Xcode 9.3";
			developmentRegion = en;
			hasScannedForEncodings = 0;
			knownRegions = (
				en,
				Base,
			);
			mainGroup = 55536F4625F9A76300EF257A;
			productRefGroup = 55536F5025F9A76300EF257A /* Products */;
			projectDirPath = "";
			projectRoot = "";
			targets = (
				55536F4E25F9A76300EF257A /* FriendZone2 */,
			);
		};
/* End PBXProject section */

/* Begin PBXResourcesBuildPhase section */
		55536F4D25F9A76300EF257A /* Resources */ = {
			isa = PBXResourcesBuildPhase;
			buildActionMask = 2147483647;
			files = (
				55536F5F25F9A76600EF257A /* LaunchScreen.storyboard in Resources */,
				55536F5C25F9A76600EF257A /* Assets.xcassets in Resources */,
				55536F5A25F9A76300EF257A /* Main.storyboard in Resources */,
			);
			runOnlyForDeploymentPostprocessing = 0;
		};
/* End PBXResourcesBuildPhase section */

/* Begin PBXSourcesBuildPhase section */
		55536F4B25F9A76300EF257A /* Sources */ = {
			isa = PBXSourcesBuildPhase;
			buildActionMask = 2147483647;
			files = (
				55536F6E25FAFFCD00EF257A /* TextTableViewCell.swift in Sources */,
				55536F5725F9A76300EF257A /* ViewController.swift in Sources */,
				55536F5325F9A76300EF257A /* AppDelegate.swift in Sources */,
				55536F5525F9A76300EF257A /* SceneDelegate.swift in Sources */,
				55536F6825F9A8C900EF257A /* Friend.swift in Sources */,
				55536F6B25FAFC1B00EF257A /* FriendViewController.swift in Sources */,
			);
			runOnlyForDeploymentPostprocessing = 0;
		};
/* End PBXSourcesBuildPhase section */

/* Begin PBXVariantGroup section */
		55536F5825F9A76300EF257A /* Main.storyboard */ = {
			isa = PBXVariantGroup;
			children = (
				55536F5925F9A76300EF257A /* Base */,
			);
			name = Main.storyboard;
			sourceTree = "<group>";
		};
		55536F5D25F9A76600EF257A /* LaunchScreen.storyboard */ = {
			isa = PBXVariantGroup;
			children = (
				55536F5E25F9A76600EF257A /* Base */,
			);
			name = LaunchScreen.storyboard;
			sourceTree = "<group>";
		};
/* End PBXVariantGroup section */

/* Begin XCBuildConfiguration section */
		55536F6125F9A76600EF257A /* Debug */ = {
			isa = XCBuildConfiguration;
			buildSettings = {
				ALWAYS_SEARCH_USER_PATHS = NO;
				CLANG_ANALYZER_NONNULL = YES;
				CLANG_ANALYZER_NUMBER_OBJECT_CONVERSION = YES_AGGRESSIVE;
				CLANG_CXX_LANGUAGE_STANDARD = "gnu++14";
				CLANG_CXX_LIBRARY = "libc++";
				CLANG_ENABLE_MODULES = YES;
				CLANG_ENABLE_OBJC_ARC = YES;
				CLANG_ENABLE_OBJC_WEAK = YES;
				CLANG_WARN_BLOCK_CAPTURE_AUTORELEASING = YES;
				CLANG_WARN_BOOL_CONVERSION = YES;
				CLANG_WARN_COMMA = YES;
				CLANG_WARN_CONSTANT_CONVERSION = YES;
				CLANG_WARN_DEPRECATED_OBJC_IMPLEMENTATIONS = YES;
				CLANG_WARN_DIRECT_OBJC_ISA_USAGE = YES_ERROR;
				CLANG_WARN_DOCUMENTATION_COMMENTS = YES;
				CLANG_WARN_EMPTY_BODY = YES;
				CLANG_WARN_ENUM_CONVERSION = YES;
				CLANG_WARN_INFINITE_RECURSION = YES;
				CLANG_WARN_INT_CONVERSION = YES;
				CLANG_WARN_NON_LITERAL_NULL_CONVERSION = YES;
				CLANG_WARN_OBJC_IMPLICIT_RETAIN_SELF = YES;
				CLANG_WARN_OBJC_LITERAL_CONVERSION = YES;
				CLANG_WARN_OBJC_ROOT_CLASS = YES_ERROR;
				CLANG_WARN_QUOTED_INCLUDE_IN_FRAMEWORK_HEADER = YES;
				CLANG_WARN_RANGE_LOOP_ANALYSIS = YES;
				CLANG_WARN_STRICT_PROTOTYPES = YES;
				CLANG_WARN_SUSPICIOUS_MOVE = YES;
				CLANG_WARN_UNGUARDED_AVAILABILITY = YES_AGGRESSIVE;
				CLANG_WARN_UNREACHABLE_CODE = YES;
				CLANG_WARN__DUPLICATE_METHOD_MATCH = YES;
				COPY_PHASE_STRIP = NO;
				DEBUG_INFORMATION_FORMAT = dwarf;
				ENABLE_STRICT_OBJC_MSGSEND = YES;
				ENABLE_TESTABILITY = YES;
				GCC_C_LANGUAGE_STANDARD = gnu11;
				GCC_DYNAMIC_NO_PIC = NO;
				GCC_NO_COMMON_BLOCKS = YES;
				GCC_OPTIMIZATION_LEVEL = 0;
				GCC_PREPROCESSOR_DEFINITIONS = (
					"DEBUG=1",
					"$(inherited)",
				);
				GCC_WARN_64_TO_32_BIT_CONVERSION = YES;
				GCC_WARN_ABOUT_RETURN_TYPE = YES_ERROR;
				GCC_WARN_UNDECLARED_SELECTOR = YES;
				GCC_WARN_UNINITIALIZED_AUTOS = YES_AGGRESSIVE;
				GCC_WARN_UNUSED_FUNCTION = YES;
				GCC_WARN_UNUSED_VARIABLE = YES;
				IPHONEOS_DEPLOYMENT_TARGET = 14.4;
				MTL_ENABLE_DEBUG_INFO = INCLUDE_SOURCE;
				MTL_FAST_MATH = YES;
				ONLY_ACTIVE_ARCH = YES;
				SDKROOT = iphoneos;
				SWIFT_ACTIVE_COMPILATION_CONDITIONS = DEBUG;
				SWIFT_OPTIMIZATION_LEVEL = "-Onone";
			};
			name = Debug;
		};
		55536F6225F9A76600EF257A /* Release */ = {
			isa = XCBuildConfiguration;
			buildSettings = {
				ALWAYS_SEARCH_USER_PATHS = NO;
				CLANG_ANALYZER_NONNULL = YES;
				CLANG_ANALYZER_NUMBER_OBJECT_CONVERSION = YES_AGGRESSIVE;
				CLANG_CXX_LANGUAGE_STANDARD = "gnu++14";
				CLANG_CXX_LIBRARY = "libc++";
				CLANG_ENABLE_MODULES = YES;
				CLANG_ENABLE_OBJC_ARC = YES;
				CLANG_ENABLE_OBJC_WEAK = YES;
				CLANG_WARN_BLOCK_CAPTURE_AUTORELEASING = YES;
				CLANG_WARN_BOOL_CONVERSION = YES;
				CLANG_WARN_COMMA = YES;
				CLANG_WARN_CONSTANT_CONVERSION = YES;
				CLANG_WARN_DEPRECATED_OBJC_IMPLEMENTATIONS = YES;
				CLANG_WARN_DIRECT_OBJC_ISA_USAGE = YES_ERROR;
				CLANG_WARN_DOCUMENTATION_COMMENTS = YES;
				CLANG_WARN_EMPTY_BODY = YES;
				CLANG_WARN_ENUM_CONVERSION = YES;
				CLANG_WARN_INFINITE_RECURSION = YES;
				CLANG_WARN_INT_CONVERSION = YES;
				CLANG_WARN_NON_LITERAL_NULL_CONVERSION = YES;
				CLANG_WARN_OBJC_IMPLICIT_RETAIN_SELF = YES;
				CLANG_WARN_OBJC_LITERAL_CONVERSION = YES;
				CLANG_WARN_OBJC_ROOT_CLASS = YES_ERROR;
				CLANG_WARN_QUOTED_INCLUDE_IN_FRAMEWORK_HEADER = YES;
				CLANG_WARN_RANGE_LOOP_ANALYSIS = YES;
				CLANG_WARN_STRICT_PROTOTYPES = YES;
				CLANG_WARN_SUSPICIOUS_MOVE = YES;
				CLANG_WARN_UNGUARDED_AVAILABILITY = YES_AGGRESSIVE;
				CLANG_WARN_UNREACHABLE_CODE = YES;
				CLANG_WARN__DUPLICATE_METHOD_MATCH = YES;
				COPY_PHASE_STRIP = NO;
				DEBUG_INFORMATION_FORMAT = "dwarf-with-dsym";
				ENABLE_NS_ASSERTIONS = NO;
				ENABLE_STRICT_OBJC_MSGSEND = YES;
				GCC_C_LANGUAGE_STANDARD = gnu11;
				GCC_NO_COMMON_BLOCKS = YES;
				GCC_WARN_64_TO_32_BIT_CONVERSION = YES;
				GCC_WARN_ABOUT_RETURN_TYPE = YES_ERROR;
				GCC_WARN_UNDECLARED_SELECTOR = YES;
				GCC_WARN_UNINITIALIZED_AUTOS = YES_AGGRESSIVE;
				GCC_WARN_UNUSED_FUNCTION = YES;
				GCC_WARN_UNUSED_VARIABLE = YES;
				IPHONEOS_DEPLOYMENT_TARGET = 14.4;
				MTL_ENABLE_DEBUG_INFO = NO;
				MTL_FAST_MATH = YES;
				SDKROOT = iphoneos;
				SWIFT_COMPILATION_MODE = wholemodule;
				SWIFT_OPTIMIZATION_LEVEL = "-O";
				VALIDATE_PRODUCT = YES;
			};
			name = Release;
		};
		55536F6425F9A76600EF257A /* Debug */ = {
			isa = XCBuildConfiguration;
			buildSettings = {
				ASSETCATALOG_COMPILER_APPICON_NAME = AppIcon;
				ASSETCATALOG_COMPILER_GLOBAL_ACCENT_COLOR_NAME = AccentColor;
				CODE_SIGN_STYLE = Automatic;
				DEVELOPMENT_TEAM = 4372MH6XLY;
				INFOPLIST_FILE = FriendZone2/Info.plist;
				LD_RUNPATH_SEARCH_PATHS = (
					"$(inherited)",
					"@executable_path/Frameworks",
				);
				PRODUCT_BUNDLE_IDENTIFIER = com.solfware.FriendZone2;
				PRODUCT_NAME = "$(TARGET_NAME)";
				SWIFT_VERSION = 5.0;
				TARGETED_DEVICE_FAMILY = "1,2";
			};
			name = Debug;
		};
		55536F6525F9A76600EF257A /* Release */ = {
			isa = XCBuildConfiguration;
			buildSettings = {
				ASSETCATALOG_COMPILER_APPICON_NAME = AppIcon;
				ASSETCATALOG_COMPILER_GLOBAL_ACCENT_COLOR_NAME = AccentColor;
				CODE_SIGN_STYLE = Automatic;
				DEVELOPMENT_TEAM = 4372MH6XLY;
				INFOPLIST_FILE = FriendZone2/Info.plist;
				LD_RUNPATH_SEARCH_PATHS = (
					"$(inherited)",
					"@executable_path/Frameworks",
				);
				PRODUCT_BUNDLE_IDENTIFIER = com.solfware.FriendZone2;
				PRODUCT_NAME = "$(TARGET_NAME)";
				SWIFT_VERSION = 5.0;
				TARGETED_DEVICE_FAMILY = "1,2";
			};
			name = Release;
		};
/* End XCBuildConfiguration section */

/* Begin XCConfigurationList section */
		55536F4A25F9A76300EF257A /* Build configuration list for PBXProject "FriendZone2" */ = {
			isa = XCConfigurationList;
			buildConfigurations = (
				55536F6125F9A76600EF257A /* Debug */,
				55536F6225F9A76600EF257A /* Release */,
			);
			defaultConfigurationIsVisible = 0;
			defaultConfigurationName = Release;
		};
		55536F6325F9A76600EF257A /* Build configuration list for PBXNativeTarget "FriendZone2" */ = {
			isa = XCConfigurationList;
			buildConfigurations = (
				55536F6425F9A76600EF257A /* Debug */,
				55536F6525F9A76600EF257A /* Release */,
			);
			defaultConfigurationIsVisible = 0;
			defaultConfigurationName = Release;
		};
/* End XCConfigurationList section */
	};
	rootObject = 55536F4725F9A76300EF257A /* Project object */;
}
